
Microsoft Visual Studio Solution File, Format Version 12.00
# Visual Studio Version 16
VisualStudioVersion = 16.0.29102.190
MinimumVisualStudioVersion = 10.0.40219.1
Project("{FAE04EC0-301F-11D3-BF4B-00C04F79EFBC}") = "MyEnglish", "MyEnglish\MyEnglish.csproj", "{1B81A309-E28A-4C58-B23B-5E5391408ACB}"
EndProject
Global
	GlobalSection(SolutionConfigurationPlatforms) = preSolution
		Debug|Any CPU = Debug|Any CPU
		Release|Any CPU = Release|Any CPU
	EndGlobalSection
	GlobalSection(ProjectConfigurationPlatforms) = postSolution
		{1B81A309-E28A-4C58-B23B-5E5391408ACB}.Debug|Any CPU.ActiveCfg = Debug|Any CPU
		{1B81A309-E28A-4C58-B23B-5E5391408ACB}.Debug|Any CPU.Build.0 = Debug|Any CPU
		{1B81A309-E28A-4C58-B23B-5E5391408ACB}.Release|Any CPU.ActiveCfg = Release|Any CPU
		{1B81A309-E28A-4C58-B23B-5E5391408ACB}.Release|Any CPU.Build.0 = Release|Any CPU
	EndGlobalSection
	GlobalSection(SolutionProperties) = preSolution
		HideSolutionNode = FALSE
	EndGlobalSection
	GlobalSection(ExtensibilityGlobals) = postSolution
		SolutionGuid = {33380CBD-01A2-4EC0-B104-5A94B76D741B}
	EndGlobalSection
EndGlobal
